<?xml version="1.0" encoding="utf-8"?>
<Project ToolsVersion="4.0" xmlns="http://schemas.microsoft.com/developer/msbuild/2003">
  <ItemGroup>
    <ClCompile Include="blk.c" />
    <ClCompile Include="cs.c" />
    <ClCompile Include="ct.c" />
    <ClCompile Include="ctutil.c" />
  </ItemGroup>
</Project>